
Microsoft Visual Studio Solution File, Format Version 12.00
# Visual Studio Version 17
VisualStudioVersion = 17.3.32929.385
MinimumVisualStudioVersion = 10.0.40219.1
Project("{FAE04EC0-301F-11D3-BF4B-00C04F79EFBC}") = "SubiektGT", "SubiektGT\SubiektGT.csproj", "{021C3B40-D601-49B3-8AB0-646586FA9A3C}"
EndProject
Global
	GlobalSection(SolutionConfigurationPlatforms) = preSolution
		Debug|Any CPU = Debug|Any CPU
		Release|Any CPU = Release|Any CPU
	EndGlobalSection
	GlobalSection(ProjectConfigurationPlatforms) = postSolution
		{021C3B40-D601-49B3-8AB0-646586FA9A3C}.Debug|Any CPU.ActiveCfg = Debug|Any CPU
		{021C3B40-D601-49B3-8AB0-646586FA9A3C}.Debug|Any CPU.Build.0 = Debug|Any CPU
		{021C3B40-D601-49B3-8AB0-646586FA9A3C}.Release|Any CPU.ActiveCfg = Release|Any CPU
		{021C3B40-D601-49B3-8AB0-646586FA9A3C}.Release|Any CPU.Build.0 = Release|Any CPU
	EndGlobalSection
	GlobalSection(SolutionProperties) = preSolution
		HideSolutionNode = FALSE
	EndGlobalSection
	GlobalSection(ExtensibilityGlobals) = postSolution
		SolutionGuid = {D445489F-6599-4991-B36B-77CF566FF851}
	EndGlobalSection
EndGlobal
